
Microsoft Visual Studio Solution File, Format Version 12.00
# Visual Studio Version 17
VisualStudioVersion = 17.3.32825.248
MinimumVisualStudioVersion = 10.0.40219.1
Project("{9A19103F-16F7-4668-BE54-9A1E7A4F7556}") = "Kalendar", "Caleendar5\Kalendar.csproj", "{2729D773-CB2A-40BD-8DC8-72AF5A34F50E}"
EndProject
Global
	GlobalSection(SolutionConfigurationPlatforms) = preSolution
		Debug|Any CPU = Debug|Any CPU
		Release|Any CPU = Release|Any CPU
	EndGlobalSection
	GlobalSection(ProjectConfigurationPlatforms) = postSolution
		{2729D773-CB2A-40BD-8DC8-72AF5A34F50E}.Debug|Any CPU.ActiveCfg = Debug|Any CPU
		{2729D773-CB2A-40BD-8DC8-72AF5A34F50E}.Debug|Any CPU.Build.0 = Debug|Any CPU
		{2729D773-CB2A-40BD-8DC8-72AF5A34F50E}.Release|Any CPU.ActiveCfg = Release|Any CPU
		{2729D773-CB2A-40BD-8DC8-72AF5A34F50E}.Release|Any CPU.Build.0 = Release|Any CPU
	EndGlobalSection
	GlobalSection(SolutionProperties) = preSolution
		HideSolutionNode = FALSE
	EndGlobalSection
	GlobalSection(ExtensibilityGlobals) = postSolution
		SolutionGuid = {55E80450-13F0-4A53-A291-E068C2AA82EC}
	EndGlobalSection
EndGlobal
